
Microsoft Visual Studio Solution File, Format Version 12.00
# Visual Studio 14
VisualStudioVersion = 14.0.25420.1
MinimumVisualStudioVersion = 10.0.40219.1
Project("{8BC9CEB8-8B4A-11D0-8D11-00A0C91BC942}") = "R.O.C-Video-Dll", "R.O.C-Video-Dll\R.O.C-Video-Dll.vcxproj", "{A58DC693-2721-4352-A69F-BE7B482E008A}"
EndProject
Project("{8BC9CEB8-8B4A-11D0-8D11-00A0C91BC942}") = "test-dll", "test-dll\test-dll.vcxproj", "{A731B9AE-427B-4D33-A5C5-583C6073ACEC}"
	ProjectSection(ProjectDependencies) = postProject
		{A58DC693-2721-4352-A69F-BE7B482E008A} = {A58DC693-2721-4352-A69F-BE7B482E008A}
	EndProjectSection
EndProject
Global
	GlobalSection(SolutionConfigurationPlatforms) = preSolution
		Debug|x64 = Debug|x64
		Debug|x86 = Debug|x86
		Release|x64 = Release|x64
		Release|x86 = Release|x86
	EndGlobalSection
	GlobalSection(ProjectConfigurationPlatforms) = postSolution
		{A58DC693-2721-4352-A69F-BE7B482E008A}.Debug|x64.ActiveCfg = Debug|x64
		{A58DC693-2721-4352-A69F-BE7B482E008A}.Debug|x64.Build.0 = Debug|x64
		{A58DC693-2721-4352-A69F-BE7B482E008A}.Debug|x86.ActiveCfg = Debug|Win32
		{A58DC693-2721-4352-A69F-BE7B482E008A}.Debug|x86.Build.0 = Debug|Win32
		{A58DC693-2721-4352-A69F-BE7B482E008A}.Release|x64.ActiveCfg = Release|x64
		{A58DC693-2721-4352-A69F-BE7B482E008A}.Release|x64.Build.0 = Release|x64
		{A58DC693-2721-4352-A69F-BE7B482E008A}.Release|x86.ActiveCfg = Release|Win32
		{A58DC693-2721-4352-A69F-BE7B482E008A}.Release|x86.Build.0 = Release|Win32
		{A731B9AE-427B-4D33-A5C5-583C6073ACEC}.Debug|x64.ActiveCfg = Debug|x64
		{A731B9AE-427B-4D33-A5C5-583C6073ACEC}.Debug|x64.Build.0 = Debug|x64
		{A731B9AE-427B-4D33-A5C5-583C6073ACEC}.Debug|x86.ActiveCfg = Debug|Win32
		{A731B9AE-427B-4D33-A5C5-583C6073ACEC}.Debug|x86.Build.0 = Debug|Win32
		{A731B9AE-427B-4D33-A5C5-583C6073ACEC}.Release|x64.ActiveCfg = Release|x64
		{A731B9AE-427B-4D33-A5C5-583C6073ACEC}.Release|x64.Build.0 = Release|x64
		{A731B9AE-427B-4D33-A5C5-583C6073ACEC}.Release|x86.ActiveCfg = Release|Win32
		{A731B9AE-427B-4D33-A5C5-583C6073ACEC}.Release|x86.Build.0 = Release|Win32
	EndGlobalSection
	GlobalSection(SolutionProperties) = preSolution
		HideSolutionNode = FALSE
	EndGlobalSection
EndGlobal
